// !$*UTF8*$!
{
	archiveVersion = 1;
	classes = {
	};
	objectVersion = 60;
	objects = {

/* Begin PBXBuildFile section */
		6577BAF12B9EB65A0071A3EA /* Item.swift in Sources */ = {isa = PBXBuildFile; fileRef = 6577BAF02B9EB65A0071A3EA /* Item.swift */; };
		6577BAF32B9EB65C0071A3EA /* Assets.xcassets in Resources */ = {isa = PBXBuildFile; fileRef = 6577BAF22B9EB65C0071A3EA /* Assets.xcassets */; };
		6577BAF62B9EB65C0071A3EA /* Preview Assets.xcassets in Resources */ = {isa = PBXBuildFile; fileRef = 6577BAF52B9EB65C0071A3EA /* Preview Assets.xcassets */; };
		6577BB002B9EB65C0071A3EA /* SangchooTests.swift in Sources */ = {isa = PBXBuildFile; fileRef = 6577BAFF2B9EB65C0071A3EA /* SangchooTests.swift */; };
		6577BB0A2B9EB65C0071A3EA /* SangchooUITests.swift in Sources */ = {isa = PBXBuildFile; fileRef = 6577BB092B9EB65C0071A3EA /* SangchooUITests.swift */; };
		6577BB0C2B9EB65C0071A3EA /* SangchooUITestsLaunchTests.swift in Sources */ = {isa = PBXBuildFile; fileRef = 6577BB0B2B9EB65C0071A3EA /* SangchooUITestsLaunchTests.swift */; };
		6577BB372B9ECB500071A3EA /* HomeView.swift in Sources */ = {isa = PBXBuildFile; fileRef = 6577BB362B9ECB500071A3EA /* HomeView.swift */; };
		6577BB392B9ECBA40071A3EA /* Color.swift in Sources */ = {isa = PBXBuildFile; fileRef = 6577BB382B9ECBA40071A3EA /* Color.swift */; };
		6577BB3C2B9ECBC30071A3EA /* RecommendBoroughCard.swift in Sources */ = {isa = PBXBuildFile; fileRef = 6577BB3A2B9ECBC30071A3EA /* RecommendBoroughCard.swift */; };
		6577BB3D2B9ECBC30071A3EA /* RoundedRectangleButtonStyle.swift in Sources */ = {isa = PBXBuildFile; fileRef = 6577BB3B2B9ECBC30071A3EA /* RoundedRectangleButtonStyle.swift */; };
		6577BB402B9ECCFF0071A3EA /* ChooseBorough.swift in Sources */ = {isa = PBXBuildFile; fileRef = 6577BB3F2B9ECCFF0071A3EA /* ChooseBorough.swift */; };
		6577BB432B9ECD440071A3EA /* ChooseCategoryView.swift in Sources */ = {isa = PBXBuildFile; fileRef = 6577BB422B9ECD440071A3EA /* ChooseCategoryView.swift */; };
		DA7C64A02BA1FF3000BE74DD /* BDMapView.swift in Sources */ = {isa = PBXBuildFile; fileRef = DA7C649F2BA1FF3000BE74DD /* BDMapView.swift */; };
		DA7C64A22BA2062800BE74DD /* NMapsGeometry.xcframework in Frameworks */ = {isa = PBXBuildFile; fileRef = DA7C64A12BA2062800BE74DD /* NMapsGeometry.xcframework */; };
		DA7C64A42BA2062800BE74DD /* NMapsMap.xcframework in Frameworks */ = {isa = PBXBuildFile; fileRef = DA7C64A32BA2062800BE74DD /* NMapsMap.xcframework */; };
		DA9C59372B9FE9DA007C4C8D /* SangChuApp.swift in Sources */ = {isa = PBXBuildFile; fileRef = DA9C59362B9FE9DA007C4C8D /* SangChuApp.swift */; };
		DA9C59392B9FEA3E007C4C8D /* BookMarkView.swift in Sources */ = {isa = PBXBuildFile; fileRef = DA9C59382B9FEA3E007C4C8D /* BookMarkView.swift */; };
		DA9C593C2BA00037007C4C8D /* SingleDay-Regular.ttf in Resources */ = {isa = PBXBuildFile; fileRef = DA9C593B2BA00037007C4C8D /* SingleDay-Regular.ttf */; };
		DA9C593F2BA0037A007C4C8D /* Font.swift in Sources */ = {isa = PBXBuildFile; fileRef = DA9C593E2BA0037A007C4C8D /* Font.swift */; };
		DA9C59422BA0153A007C4C8D /* DistrictRankingView.swift in Sources */ = {isa = PBXBuildFile; fileRef = DA9C59412BA0153A007C4C8D /* DistrictRankingView.swift */; };
/* End PBXBuildFile section */

/* Begin PBXContainerItemProxy section */
		6577BAFC2B9EB65C0071A3EA /* PBXContainerItemProxy */ = {
			isa = PBXContainerItemProxy;
			containerPortal = 6577BAE12B9EB65A0071A3EA /* Project object */;
			proxyType = 1;
			remoteGlobalIDString = 6577BAE82B9EB65A0071A3EA;
			remoteInfo = "상추 - 상권추천서비스";
		};
		6577BB062B9EB65C0071A3EA /* PBXContainerItemProxy */ = {
			isa = PBXContainerItemProxy;
			containerPortal = 6577BAE12B9EB65A0071A3EA /* Project object */;
			proxyType = 1;
			remoteGlobalIDString = 6577BAE82B9EB65A0071A3EA;
			remoteInfo = "상추 - 상권추천서비스";
		};
/* End PBXContainerItemProxy section */

/* Begin PBXFileReference section */
		6577BAE92B9EB65A0071A3EA /* 상추 - 상권추천서비스.app */ = {isa = PBXFileReference; explicitFileType = wrapper.application; includeInIndex = 0; path = "상추 - 상권추천서비스.app"; sourceTree = BUILT_PRODUCTS_DIR; };
		6577BAF02B9EB65A0071A3EA /* Item.swift */ = {isa = PBXFileReference; lastKnownFileType = sourcecode.swift; path = Item.swift; sourceTree = "<group>"; };
		6577BAF22B9EB65C0071A3EA /* Assets.xcassets */ = {isa = PBXFileReference; lastKnownFileType = folder.assetcatalog; path = Assets.xcassets; sourceTree = "<group>"; };
		6577BAF52B9EB65C0071A3EA /* Preview Assets.xcassets */ = {isa = PBXFileReference; lastKnownFileType = folder.assetcatalog; path = "Preview Assets.xcassets"; sourceTree = "<group>"; };
		6577BAFB2B9EB65C0071A3EA /* 상추 - 상권추천서비스Tests.xctest */ = {isa = PBXFileReference; explicitFileType = wrapper.cfbundle; includeInIndex = 0; path = "상추 - 상권추천서비스Tests.xctest"; sourceTree = BUILT_PRODUCTS_DIR; };
		6577BAFF2B9EB65C0071A3EA /* SangchooTests.swift */ = {isa = PBXFileReference; lastKnownFileType = sourcecode.swift; path = SangchooTests.swift; sourceTree = "<group>"; };
		6577BB052B9EB65C0071A3EA /* 상추 - 상권추천서비스UITests.xctest */ = {isa = PBXFileReference; explicitFileType = wrapper.cfbundle; includeInIndex = 0; path = "상추 - 상권추천서비스UITests.xctest"; sourceTree = BUILT_PRODUCTS_DIR; };
		6577BB092B9EB65C0071A3EA /* SangchooUITests.swift */ = {isa = PBXFileReference; lastKnownFileType = sourcecode.swift; path = SangchooUITests.swift; sourceTree = "<group>"; };
		6577BB0B2B9EB65C0071A3EA /* SangchooUITestsLaunchTests.swift */ = {isa = PBXFileReference; lastKnownFileType = sourcecode.swift; path = SangchooUITestsLaunchTests.swift; sourceTree = "<group>"; };
		6577BB1B2B9EB76A0071A3EA /* Header.h */ = {isa = PBXFileReference; lastKnownFileType = sourcecode.c.h; path = Header.h; sourceTree = "<group>"; };
		6577BB1F2B9EB7E40071A3EA /* Header.h */ = {isa = PBXFileReference; lastKnownFileType = sourcecode.c.h; path = Header.h; sourceTree = "<group>"; };
		6577BB202B9EB82D0071A3EA /* Header.h */ = {isa = PBXFileReference; lastKnownFileType = sourcecode.c.h; path = Header.h; sourceTree = "<group>"; };
		6577BB362B9ECB500071A3EA /* HomeView.swift */ = {isa = PBXFileReference; lastKnownFileType = sourcecode.swift; path = HomeView.swift; sourceTree = "<group>"; };
		6577BB382B9ECBA40071A3EA /* Color.swift */ = {isa = PBXFileReference; lastKnownFileType = sourcecode.swift; path = Color.swift; sourceTree = "<group>"; };
		6577BB3A2B9ECBC30071A3EA /* RecommendBoroughCard.swift */ = {isa = PBXFileReference; fileEncoding = 4; lastKnownFileType = sourcecode.swift; path = RecommendBoroughCard.swift; sourceTree = "<group>"; };
		6577BB3B2B9ECBC30071A3EA /* RoundedRectangleButtonStyle.swift */ = {isa = PBXFileReference; fileEncoding = 4; lastKnownFileType = sourcecode.swift; path = RoundedRectangleButtonStyle.swift; sourceTree = "<group>"; };
		6577BB3F2B9ECCFF0071A3EA /* ChooseBorough.swift */ = {isa = PBXFileReference; lastKnownFileType = sourcecode.swift; path = ChooseBorough.swift; sourceTree = "<group>"; };
		6577BB422B9ECD440071A3EA /* ChooseCategoryView.swift */ = {isa = PBXFileReference; lastKnownFileType = sourcecode.swift; path = ChooseCategoryView.swift; sourceTree = "<group>"; };
		91BE34560CFA1A21E1478A2A /* Pods-상추 - 상권추천서비스Tests.debug.xcconfig */ = {isa = PBXFileReference; includeInIndex = 1; lastKnownFileType = text.xcconfig; name = "Pods-상추 - 상권추천서비스Tests.debug.xcconfig"; path = "Target Support Files/Pods-상추 - 상권추천서비스Tests/Pods-상추 - 상권추천서비스Tests.debug.xcconfig"; sourceTree = "<group>"; };
		D10940DCE984B5DA3DC7DE2B /* Pods-상추 - 상권추천서비스.debug.xcconfig */ = {isa = PBXFileReference; includeInIndex = 1; lastKnownFileType = text.xcconfig; name = "Pods-상추 - 상권추천서비스.debug.xcconfig"; path = "Target Support Files/Pods-상추 - 상권추천서비스/Pods-상추 - 상권추천서비스.debug.xcconfig"; sourceTree = "<group>"; };
		DA7C649F2BA1FF3000BE74DD /* BDMapView.swift */ = {isa = PBXFileReference; lastKnownFileType = sourcecode.swift; path = BDMapView.swift; sourceTree = "<group>"; };
		DA7C64A12BA2062800BE74DD /* NMapsGeometry.xcframework */ = {isa = PBXFileReference; lastKnownFileType = wrapper.xcframework; name = NMapsGeometry.xcframework; path = Pods/NMapsGeometry/framework/NMapsGeometry.xcframework; sourceTree = "<group>"; };
		DA7C64A32BA2062800BE74DD /* NMapsMap.xcframework */ = {isa = PBXFileReference; lastKnownFileType = wrapper.xcframework; name = NMapsMap.xcframework; path = Pods/NMapsMap/framework/NMapsMap.xcframework; sourceTree = "<group>"; };
		DA9C59362B9FE9DA007C4C8D /* SangChuApp.swift */ = {isa = PBXFileReference; lastKnownFileType = sourcecode.swift; path = SangChuApp.swift; sourceTree = "<group>"; };
		DA9C59382B9FEA3E007C4C8D /* BookMarkView.swift */ = {isa = PBXFileReference; lastKnownFileType = sourcecode.swift; path = BookMarkView.swift; sourceTree = "<group>"; };
		DA9C593B2BA00037007C4C8D /* SingleDay-Regular.ttf */ = {isa = PBXFileReference; lastKnownFileType = file; path = "SingleDay-Regular.ttf"; sourceTree = "<group>"; };
		DA9C593D2BA002D0007C4C8D /* --------------------------Info.plist */ = {isa = PBXFileReference; lastKnownFileType = text.plist; path = "--------------------------Info.plist"; sourceTree = SOURCE_ROOT; };
		DA9C593E2BA0037A007C4C8D /* Font.swift */ = {isa = PBXFileReference; lastKnownFileType = sourcecode.swift; path = Font.swift; sourceTree = "<group>"; };
		DA9C59412BA0153A007C4C8D /* DistrictRankingView.swift */ = {isa = PBXFileReference; lastKnownFileType = sourcecode.swift; path = DistrictRankingView.swift; sourceTree = "<group>"; };
		E304D99DF9FBCD7AD899E86A /* Pods-상추 - 상권추천서비스-상추 - 상권추천서비스UITests.debug.xcconfig */ = {isa = PBXFileReference; includeInIndex = 1; lastKnownFileType = text.xcconfig; name = "Pods-상추 - 상권추천서비스-상추 - 상권추천서비스UITests.debug.xcconfig"; path = "Target Support Files/Pods-상추 - 상권추천서비스-상추 - 상권추천서비스UITests/Pods-상추 - 상권추천서비스-상추 - 상권추천서비스UITests.debug.xcconfig"; sourceTree = "<group>"; };
		E7D1EF9605955DF177A7D377 /* Pods-상추 - 상권추천서비스Tests.release.xcconfig */ = {isa = PBXFileReference; includeInIndex = 1; lastKnownFileType = text.xcconfig; name = "Pods-상추 - 상권추천서비스Tests.release.xcconfig"; path = "Target Support Files/Pods-상추 - 상권추천서비스Tests/Pods-상추 - 상권추천서비스Tests.release.xcconfig"; sourceTree = "<group>"; };
		EF25D27CFA7579A232AFD8D1 /* Pods-상추 - 상권추천서비스.release.xcconfig */ = {isa = PBXFileReference; includeInIndex = 1; lastKnownFileType = text.xcconfig; name = "Pods-상추 - 상권추천서비스.release.xcconfig"; path = "Target Support Files/Pods-상추 - 상권추천서비스/Pods-상추 - 상권추천서비스.release.xcconfig"; sourceTree = "<group>"; };
		F96EBE0AD0E06334076C2B39 /* Pods-상추 - 상권추천서비스-상추 - 상권추천서비스UITests.release.xcconfig */ = {isa = PBXFileReference; includeInIndex = 1; lastKnownFileType = text.xcconfig; name = "Pods-상추 - 상권추천서비스-상추 - 상권추천서비스UITests.release.xcconfig"; path = "Target Support Files/Pods-상추 - 상권추천서비스-상추 - 상권추천서비스UITests/Pods-상추 - 상권추천서비스-상추 - 상권추천서비스UITests.release.xcconfig"; sourceTree = "<group>"; };
/* End PBXFileReference section */

/* Begin PBXFrameworksBuildPhase section */
		6577BAE62B9EB65A0071A3EA /* Frameworks */ = {
			isa = PBXFrameworksBuildPhase;
			buildActionMask = 2147483647;
			files = (
				DA7C64A22BA2062800BE74DD /* NMapsGeometry.xcframework in Frameworks */,
				DA7C64A42BA2062800BE74DD /* NMapsMap.xcframework in Frameworks */,
			);
			runOnlyForDeploymentPostprocessing = 0;
		};
		6577BAF82B9EB65C0071A3EA /* Frameworks */ = {
			isa = PBXFrameworksBuildPhase;
			buildActionMask = 2147483647;
			files = (
			);
			runOnlyForDeploymentPostprocessing = 0;
		};
		6577BB022B9EB65C0071A3EA /* Frameworks */ = {
			isa = PBXFrameworksBuildPhase;
			buildActionMask = 2147483647;
			files = (
			);
			runOnlyForDeploymentPostprocessing = 0;
		};
/* End PBXFrameworksBuildPhase section */

/* Begin PBXGroup section */
		6577BAE02B9EB65A0071A3EA = {
			isa = PBXGroup;
			children = (
				6577BAEB2B9EB65A0071A3EA /* 상추 - 상권추천서비스 */,
				6577BAFE2B9EB65C0071A3EA /* 상추 - 상권추천서비스Tests */,
				6577BB082B9EB65C0071A3EA /* 상추 - 상권추천서비스UITests */,
				6577BAEA2B9EB65A0071A3EA /* Products */,
				FBE0D346077363AC0761F679 /* Pods */,
				BF6560F85C4405DFA7476BD2 /* Frameworks */,
			);
			sourceTree = "<group>";
		};
		6577BAEA2B9EB65A0071A3EA /* Products */ = {
			isa = PBXGroup;
			children = (
				6577BAE92B9EB65A0071A3EA /* 상추 - 상권추천서비스.app */,
				6577BAFB2B9EB65C0071A3EA /* 상추 - 상권추천서비스Tests.xctest */,
				6577BB052B9EB65C0071A3EA /* 상추 - 상권추천서비스UITests.xctest */,
			);
			name = Products;
			sourceTree = "<group>";
		};
		6577BAEB2B9EB65A0071A3EA /* 상추 - 상권추천서비스 */ = {
			isa = PBXGroup;
			children = (
				DA9C593D2BA002D0007C4C8D /* --------------------------Info.plist */,
				6577BB212B9EB8EE0071A3EA /* Core */,
				6577BB1D2B9EB7B60071A3EA /* Model */,
				6577BB1C2B9EB78E0071A3EA /* Manager */,
				6577BB1A2B9EB72A0071A3EA /* Data */,
				6577BB192B9EB7210071A3EA /* App */,
				6577BB182B9EB6F60071A3EA /* Extenstion */,
				6577BAF02B9EB65A0071A3EA /* Item.swift */,
				6577BAF22B9EB65C0071A3EA /* Assets.xcassets */,
				6577BAF42B9EB65C0071A3EA /* Preview Content */,
			);
			path = "상추 - 상권추천서비스";
			sourceTree = "<group>";
		};
		6577BAF42B9EB65C0071A3EA /* Preview Content */ = {
			isa = PBXGroup;
			children = (
				6577BAF52B9EB65C0071A3EA /* Preview Assets.xcassets */,
			);
			path = "Preview Content";
			sourceTree = "<group>";
		};
		6577BAFE2B9EB65C0071A3EA /* 상추 - 상권추천서비스Tests */ = {
			isa = PBXGroup;
			children = (
				6577BAFF2B9EB65C0071A3EA /* SangchooTests.swift */,
			);
			path = "상추 - 상권추천서비스Tests";
			sourceTree = "<group>";
		};
		6577BB082B9EB65C0071A3EA /* 상추 - 상권추천서비스UITests */ = {
			isa = PBXGroup;
			children = (
				6577BB092B9EB65C0071A3EA /* SangchooUITests.swift */,
				6577BB0B2B9EB65C0071A3EA /* SangchooUITestsLaunchTests.swift */,
			);
			path = "상추 - 상권추천서비스UITests";
			sourceTree = "<group>";
		};
		6577BB182B9EB6F60071A3EA /* Extenstion */ = {
			isa = PBXGroup;
			children = (
				DA9C593A2B9FFFD5007C4C8D /* Fonts */,
				6577BB3A2B9ECBC30071A3EA /* RecommendBoroughCard.swift */,
				6577BB3B2B9ECBC30071A3EA /* RoundedRectangleButtonStyle.swift */,
				6577BB382B9ECBA40071A3EA /* Color.swift */,
			);
			path = Extenstion;
			sourceTree = "<group>";
		};
		6577BB192B9EB7210071A3EA /* App */ = {
			isa = PBXGroup;
			children = (
				DA9C59362B9FE9DA007C4C8D /* SangChuApp.swift */,
			);
			path = App;
			sourceTree = "<group>";
		};
		6577BB1A2B9EB72A0071A3EA /* Data */ = {
			isa = PBXGroup;
			children = (
				6577BB1B2B9EB76A0071A3EA /* Header.h */,
			);
			path = Data;
			sourceTree = "<group>";
		};
		6577BB1C2B9EB78E0071A3EA /* Manager */ = {
			isa = PBXGroup;
			children = (
				6577BB1F2B9EB7E40071A3EA /* Header.h */,
			);
			path = Manager;
			sourceTree = "<group>";
		};
		6577BB1D2B9EB7B60071A3EA /* Model */ = {
			isa = PBXGroup;
			children = (
				6577BB202B9EB82D0071A3EA /* Header.h */,
			);
			path = Model;
			sourceTree = "<group>";
		};
		6577BB212B9EB8EE0071A3EA /* Core */ = {
			isa = PBXGroup;
			children = (
				6577BB232B9EB8FD0071A3EA /* ViewModel */,
				6577BB222B9EB8F40071A3EA /* Views */,
			);
			path = Core;
			sourceTree = "<group>";
		};
		6577BB222B9EB8F40071A3EA /* Views */ = {
			isa = PBXGroup;
			children = (
				DA7C649E2BA1FF1300BE74DD /* MapView */,
				DA9C59402BA0147F007C4C8D /* DistrictRankingView */,
				6577BB412B9ECD3A0071A3EA /* ChooseCategoryView */,
				6577BB3E2B9ECC9E0071A3EA /* ChooseBorough */,
				6577BB2A2B9EC6630071A3EA /* BookMark */,
				6577BB242B9EBA300071A3EA /* Home */,
			);
			path = Views;
			sourceTree = "<group>";
		};
		6577BB232B9EB8FD0071A3EA /* ViewModel */ = {
			isa = PBXGroup;
			children = (
			);
			path = ViewModel;
			sourceTree = "<group>";
		};
		6577BB242B9EBA300071A3EA /* Home */ = {
			isa = PBXGroup;
			children = (
				6577BB362B9ECB500071A3EA /* HomeView.swift */,
			);
			path = Home;
			sourceTree = "<group>";
		};
		6577BB2A2B9EC6630071A3EA /* BookMark */ = {
			isa = PBXGroup;
			children = (
				DA9C59382B9FEA3E007C4C8D /* BookMarkView.swift */,
			);
			path = BookMark;
			sourceTree = "<group>";
		};
		6577BB3E2B9ECC9E0071A3EA /* ChooseBorough */ = {
			isa = PBXGroup;
			children = (
				6577BB3F2B9ECCFF0071A3EA /* ChooseBorough.swift */,
			);
			path = ChooseBorough;
			sourceTree = "<group>";
		};
		6577BB412B9ECD3A0071A3EA /* ChooseCategoryView */ = {
			isa = PBXGroup;
			children = (
				6577BB422B9ECD440071A3EA /* ChooseCategoryView.swift */,
			);
			path = ChooseCategoryView;
			sourceTree = "<group>";
		};
		BF6560F85C4405DFA7476BD2 /* Frameworks */ = {
			isa = PBXGroup;
			children = (
				DA7C64A12BA2062800BE74DD /* NMapsGeometry.xcframework */,
				DA7C64A32BA2062800BE74DD /* NMapsMap.xcframework */,
			);
			name = Frameworks;
			sourceTree = "<group>";
		};
		DA7C649E2BA1FF1300BE74DD /* MapView */ = {
			isa = PBXGroup;
			children = (
				DA7C649F2BA1FF3000BE74DD /* BDMapView.swift */,
			);
			path = MapView;
			sourceTree = "<group>";
		};
		DA9C593A2B9FFFD5007C4C8D /* Fonts */ = {
			isa = PBXGroup;
			children = (
				DA9C593B2BA00037007C4C8D /* SingleDay-Regular.ttf */,
				DA9C593E2BA0037A007C4C8D /* Font.swift */,
			);
			path = Fonts;
			sourceTree = "<group>";
		};
		DA9C59402BA0147F007C4C8D /* DistrictRankingView */ = {
			isa = PBXGroup;
			children = (
				DA9C59412BA0153A007C4C8D /* DistrictRankingView.swift */,
			);
			path = DistrictRankingView;
			sourceTree = "<group>";
		};
		FBE0D346077363AC0761F679 /* Pods */ = {
			isa = PBXGroup;
			children = (
				D10940DCE984B5DA3DC7DE2B /* Pods-상추 - 상권추천서비스.debug.xcconfig */,
				EF25D27CFA7579A232AFD8D1 /* Pods-상추 - 상권추천서비스.release.xcconfig */,
				E304D99DF9FBCD7AD899E86A /* Pods-상추 - 상권추천서비스-상추 - 상권추천서비스UITests.debug.xcconfig */,
				F96EBE0AD0E06334076C2B39 /* Pods-상추 - 상권추천서비스-상추 - 상권추천서비스UITests.release.xcconfig */,
				91BE34560CFA1A21E1478A2A /* Pods-상추 - 상권추천서비스Tests.debug.xcconfig */,
				E7D1EF9605955DF177A7D377 /* Pods-상추 - 상권추천서비스Tests.release.xcconfig */,
			);
			path = Pods;
			sourceTree = "<group>";
		};
/* End PBXGroup section */

/* Begin PBXNativeTarget section */
		6577BAE82B9EB65A0071A3EA /* 상추 - 상권추천서비스 */ = {
			isa = PBXNativeTarget;
			buildConfigurationList = 6577BB0F2B9EB65C0071A3EA /* Build configuration list for PBXNativeTarget "상추 - 상권추천서비스" */;
			buildPhases = (
				75173C0B25AAE1C3A6F9CC92 /* [CP] Check Pods Manifest.lock */,
				6577BAE52B9EB65A0071A3EA /* Sources */,
				6577BAE62B9EB65A0071A3EA /* Frameworks */,
				6577BAE72B9EB65A0071A3EA /* Resources */,
				BB63B9C9864E8E68DC36F3ED /* [CP] Embed Pods Frameworks */,
			);
			buildRules = (
			);
			dependencies = (
			);
			name = "상추 - 상권추천서비스";
			productName = "상추 - 상권추천서비스";
			productReference = 6577BAE92B9EB65A0071A3EA /* 상추 - 상권추천서비스.app */;
			productType = "com.apple.product-type.application";
		};
		6577BAFA2B9EB65C0071A3EA /* 상추 - 상권추천서비스Tests */ = {
			isa = PBXNativeTarget;
			buildConfigurationList = 6577BB122B9EB65C0071A3EA /* Build configuration list for PBXNativeTarget "상추 - 상권추천서비스Tests" */;
			buildPhases = (
				834DC3154ABED2D7CDE651D6 /* [CP] Check Pods Manifest.lock */,
				6577BAF72B9EB65C0071A3EA /* Sources */,
				6577BAF82B9EB65C0071A3EA /* Frameworks */,
				6577BAF92B9EB65C0071A3EA /* Resources */,
			);
			buildRules = (
			);
			dependencies = (
				6577BAFD2B9EB65C0071A3EA /* PBXTargetDependency */,
			);
			name = "상추 - 상권추천서비스Tests";
			productName = "상추 - 상권추천서비스Tests";
			productReference = 6577BAFB2B9EB65C0071A3EA /* 상추 - 상권추천서비스Tests.xctest */;
			productType = "com.apple.product-type.bundle.unit-test";
		};
		6577BB042B9EB65C0071A3EA /* 상추 - 상권추천서비스UITests */ = {
			isa = PBXNativeTarget;
			buildConfigurationList = 6577BB152B9EB65C0071A3EA /* Build configuration list for PBXNativeTarget "상추 - 상권추천서비스UITests" */;
			buildPhases = (
				E5B746BDE62F3BF3BE1D5457 /* [CP] Check Pods Manifest.lock */,
				6577BB012B9EB65C0071A3EA /* Sources */,
				6577BB022B9EB65C0071A3EA /* Frameworks */,
				6577BB032B9EB65C0071A3EA /* Resources */,
				CC1B44EF6FD2E14D31EE8FD7 /* [CP] Embed Pods Frameworks */,
			);
			buildRules = (
			);
			dependencies = (
				6577BB072B9EB65C0071A3EA /* PBXTargetDependency */,
			);
			name = "상추 - 상권추천서비스UITests";
			productName = "상추 - 상권추천서비스UITests";
			productReference = 6577BB052B9EB65C0071A3EA /* 상추 - 상권추천서비스UITests.xctest */;
			productType = "com.apple.product-type.bundle.ui-testing";
		};
/* End PBXNativeTarget section */

/* Begin PBXProject section */
		6577BAE12B9EB65A0071A3EA /* Project object */ = {
			isa = PBXProject;
			attributes = {
				BuildIndependentTargetsInParallel = 1;
				LastSwiftUpdateCheck = 1520;
				LastUpgradeCheck = 1520;
				TargetAttributes = {
					6577BAE82B9EB65A0071A3EA = {
						CreatedOnToolsVersion = 15.2;
					};
					6577BAFA2B9EB65C0071A3EA = {
						CreatedOnToolsVersion = 15.2;
						TestTargetID = 6577BAE82B9EB65A0071A3EA;
					};
					6577BB042B9EB65C0071A3EA = {
						CreatedOnToolsVersion = 15.2;
						TestTargetID = 6577BAE82B9EB65A0071A3EA;
					};
				};
			};
			buildConfigurationList = 6577BAE42B9EB65A0071A3EA /* Build configuration list for PBXProject "상추 - 상권추천서비스" */;
			compatibilityVersion = "Xcode 15.0";
			developmentRegion = en;
			hasScannedForEncodings = 0;
			knownRegions = (
				en,
				Base,
			);
			mainGroup = 6577BAE02B9EB65A0071A3EA;
			productRefGroup = 6577BAEA2B9EB65A0071A3EA /* Products */;
			projectDirPath = "";
			projectRoot = "";
			targets = (
				6577BAE82B9EB65A0071A3EA /* 상추 - 상권추천서비스 */,
				6577BAFA2B9EB65C0071A3EA /* 상추 - 상권추천서비스Tests */,
				6577BB042B9EB65C0071A3EA /* 상추 - 상권추천서비스UITests */,
			);
		};
/* End PBXProject section */

/* Begin PBXResourcesBuildPhase section */
		6577BAE72B9EB65A0071A3EA /* Resources */ = {
			isa = PBXResourcesBuildPhase;
			buildActionMask = 2147483647;
			files = (
				6577BAF62B9EB65C0071A3EA /* Preview Assets.xcassets in Resources */,
				6577BAF32B9EB65C0071A3EA /* Assets.xcassets in Resources */,
				DA9C593C2BA00037007C4C8D /* SingleDay-Regular.ttf in Resources */,
			);
			runOnlyForDeploymentPostprocessing = 0;
		};
		6577BAF92B9EB65C0071A3EA /* Resources */ = {
			isa = PBXResourcesBuildPhase;
			buildActionMask = 2147483647;
			files = (
			);
			runOnlyForDeploymentPostprocessing = 0;
		};
		6577BB032B9EB65C0071A3EA /* Resources */ = {
			isa = PBXResourcesBuildPhase;
			buildActionMask = 2147483647;
			files = (
			);
			runOnlyForDeploymentPostprocessing = 0;
		};
/* End PBXResourcesBuildPhase section */

/* Begin PBXShellScriptBuildPhase section */
		75173C0B25AAE1C3A6F9CC92 /* [CP] Check Pods Manifest.lock */ = {
			isa = PBXShellScriptBuildPhase;
			buildActionMask = 2147483647;
			files = (
			);
			inputFileListPaths = (
			);
			inputPaths = (
				"${PODS_PODFILE_DIR_PATH}/Podfile.lock",
				"${PODS_ROOT}/Manifest.lock",
			);
			name = "[CP] Check Pods Manifest.lock";
			outputFileListPaths = (
			);
			outputPaths = (
				"$(DERIVED_FILE_DIR)/Pods-상추 - 상권추천서비스-checkManifestLockResult.txt",
			);
			runOnlyForDeploymentPostprocessing = 0;
			shellPath = /bin/sh;
			shellScript = "diff \"${PODS_PODFILE_DIR_PATH}/Podfile.lock\" \"${PODS_ROOT}/Manifest.lock\" > /dev/null\nif [ $? != 0 ] ; then\n    # print error to STDERR\n    echo \"error: The sandbox is not in sync with the Podfile.lock. Run 'pod install' or update your CocoaPods installation.\" >&2\n    exit 1\nfi\n# This output is used by Xcode 'outputs' to avoid re-running this script phase.\necho \"SUCCESS\" > \"${SCRIPT_OUTPUT_FILE_0}\"\n";
			showEnvVarsInLog = 0;
		};
		834DC3154ABED2D7CDE651D6 /* [CP] Check Pods Manifest.lock */ = {
			isa = PBXShellScriptBuildPhase;
			buildActionMask = 2147483647;
			files = (
			);
			inputFileListPaths = (
			);
			inputPaths = (
				"${PODS_PODFILE_DIR_PATH}/Podfile.lock",
				"${PODS_ROOT}/Manifest.lock",
			);
			name = "[CP] Check Pods Manifest.lock";
			outputFileListPaths = (
			);
			outputPaths = (
				"$(DERIVED_FILE_DIR)/Pods-상추 - 상권추천서비스Tests-checkManifestLockResult.txt",
			);
			runOnlyForDeploymentPostprocessing = 0;
			shellPath = /bin/sh;
			shellScript = "diff \"${PODS_PODFILE_DIR_PATH}/Podfile.lock\" \"${PODS_ROOT}/Manifest.lock\" > /dev/null\nif [ $? != 0 ] ; then\n    # print error to STDERR\n    echo \"error: The sandbox is not in sync with the Podfile.lock. Run 'pod install' or update your CocoaPods installation.\" >&2\n    exit 1\nfi\n# This output is used by Xcode 'outputs' to avoid re-running this script phase.\necho \"SUCCESS\" > \"${SCRIPT_OUTPUT_FILE_0}\"\n";
			showEnvVarsInLog = 0;
		};
		BB63B9C9864E8E68DC36F3ED /* [CP] Embed Pods Frameworks */ = {
			isa = PBXShellScriptBuildPhase;
			buildActionMask = 2147483647;
			files = (
			);
			inputFileListPaths = (
				"${PODS_ROOT}/Target Support Files/Pods-상추 - 상권추천서비스/Pods-상추 - 상권추천서비스-frameworks-${CONFIGURATION}-input-files.xcfilelist",
			);
			name = "[CP] Embed Pods Frameworks";
			outputFileListPaths = (
				"${PODS_ROOT}/Target Support Files/Pods-상추 - 상권추천서비스/Pods-상추 - 상권추천서비스-frameworks-${CONFIGURATION}-output-files.xcfilelist",
			);
			runOnlyForDeploymentPostprocessing = 0;
			shellPath = /bin/sh;
			shellScript = "\"${PODS_ROOT}/Target Support Files/Pods-상추 - 상권추천서비스/Pods-상추 - 상권추천서비스-frameworks.sh\"\n";
			showEnvVarsInLog = 0;
		};
		CC1B44EF6FD2E14D31EE8FD7 /* [CP] Embed Pods Frameworks */ = {
			isa = PBXShellScriptBuildPhase;
			buildActionMask = 2147483647;
			files = (
			);
			inputFileListPaths = (
				"${PODS_ROOT}/Target Support Files/Pods-상추 - 상권추천서비스-상추 - 상권추천서비스UITests/Pods-상추 - 상권추천서비스-상추 - 상권추천서비스UITests-frameworks-${CONFIGURATION}-input-files.xcfilelist",
			);
			name = "[CP] Embed Pods Frameworks";
			outputFileListPaths = (
				"${PODS_ROOT}/Target Support Files/Pods-상추 - 상권추천서비스-상추 - 상권추천서비스UITests/Pods-상추 - 상권추천서비스-상추 - 상권추천서비스UITests-frameworks-${CONFIGURATION}-output-files.xcfilelist",
			);
			runOnlyForDeploymentPostprocessing = 0;
			shellPath = /bin/sh;
			shellScript = "\"${PODS_ROOT}/Target Support Files/Pods-상추 - 상권추천서비스-상추 - 상권추천서비스UITests/Pods-상추 - 상권추천서비스-상추 - 상권추천서비스UITests-frameworks.sh\"\n";
			showEnvVarsInLog = 0;
		};
		E5B746BDE62F3BF3BE1D5457 /* [CP] Check Pods Manifest.lock */ = {
			isa = PBXShellScriptBuildPhase;
			buildActionMask = 2147483647;
			files = (
			);
			inputFileListPaths = (
			);
			inputPaths = (
				"${PODS_PODFILE_DIR_PATH}/Podfile.lock",
				"${PODS_ROOT}/Manifest.lock",
			);
			name = "[CP] Check Pods Manifest.lock";
			outputFileListPaths = (
			);
			outputPaths = (
				"$(DERIVED_FILE_DIR)/Pods-상추 - 상권추천서비스-상추 - 상권추천서비스UITests-checkManifestLockResult.txt",
			);
			runOnlyForDeploymentPostprocessing = 0;
			shellPath = /bin/sh;
			shellScript = "diff \"${PODS_PODFILE_DIR_PATH}/Podfile.lock\" \"${PODS_ROOT}/Manifest.lock\" > /dev/null\nif [ $? != 0 ] ; then\n    # print error to STDERR\n    echo \"error: The sandbox is not in sync with the Podfile.lock. Run 'pod install' or update your CocoaPods installation.\" >&2\n    exit 1\nfi\n# This output is used by Xcode 'outputs' to avoid re-running this script phase.\necho \"SUCCESS\" > \"${SCRIPT_OUTPUT_FILE_0}\"\n";
			showEnvVarsInLog = 0;
		};
/* End PBXShellScriptBuildPhase section */

/* Begin PBXSourcesBuildPhase section */
		6577BAE52B9EB65A0071A3EA /* Sources */ = {
			isa = PBXSourcesBuildPhase;
			buildActionMask = 2147483647;
			files = (
				6577BB3D2B9ECBC30071A3EA /* RoundedRectangleButtonStyle.swift in Sources */,
				DA7C64A02BA1FF3000BE74DD /* BDMapView.swift in Sources */,
				6577BAF12B9EB65A0071A3EA /* Item.swift in Sources */,
				DA9C593F2BA0037A007C4C8D /* Font.swift in Sources */,
				6577BB372B9ECB500071A3EA /* HomeView.swift in Sources */,
				DA9C59422BA0153A007C4C8D /* DistrictRankingView.swift in Sources */,
				6577BB432B9ECD440071A3EA /* ChooseCategoryView.swift in Sources */,
				6577BB3C2B9ECBC30071A3EA /* RecommendBoroughCard.swift in Sources */,
				6577BB402B9ECCFF0071A3EA /* ChooseBorough.swift in Sources */,
				6577BB392B9ECBA40071A3EA /* Color.swift in Sources */,
				DA9C59392B9FEA3E007C4C8D /* BookMarkView.swift in Sources */,
				DA9C59372B9FE9DA007C4C8D /* SangChuApp.swift in Sources */,
			);
			runOnlyForDeploymentPostprocessing = 0;
		};
		6577BAF72B9EB65C0071A3EA /* Sources */ = {
			isa = PBXSourcesBuildPhase;
			buildActionMask = 2147483647;
			files = (
				6577BB002B9EB65C0071A3EA /* SangchooTests.swift in Sources */,
			);
			runOnlyForDeploymentPostprocessing = 0;
		};
		6577BB012B9EB65C0071A3EA /* Sources */ = {
			isa = PBXSourcesBuildPhase;
			buildActionMask = 2147483647;
			files = (
				6577BB0C2B9EB65C0071A3EA /* SangchooUITestsLaunchTests.swift in Sources */,
				6577BB0A2B9EB65C0071A3EA /* SangchooUITests.swift in Sources */,
			);
			runOnlyForDeploymentPostprocessing = 0;
		};
/* End PBXSourcesBuildPhase section */

/* Begin PBXTargetDependency section */
		6577BAFD2B9EB65C0071A3EA /* PBXTargetDependency */ = {
			isa = PBXTargetDependency;
			target = 6577BAE82B9EB65A0071A3EA /* 상추 - 상권추천서비스 */;
			targetProxy = 6577BAFC2B9EB65C0071A3EA /* PBXContainerItemProxy */;
		};
		6577BB072B9EB65C0071A3EA /* PBXTargetDependency */ = {
			isa = PBXTargetDependency;
			target = 6577BAE82B9EB65A0071A3EA /* 상추 - 상권추천서비스 */;
			targetProxy = 6577BB062B9EB65C0071A3EA /* PBXContainerItemProxy */;
		};
/* End PBXTargetDependency section */

/* Begin XCBuildConfiguration section */
		6577BB0D2B9EB65C0071A3EA /* Debug */ = {
			isa = XCBuildConfiguration;
			buildSettings = {
				ALWAYS_SEARCH_USER_PATHS = NO;
				ASSETCATALOG_COMPILER_GENERATE_SWIFT_ASSET_SYMBOL_EXTENSIONS = YES;
				CLANG_ANALYZER_NONNULL = YES;
				CLANG_ANALYZER_NUMBER_OBJECT_CONVERSION = YES_AGGRESSIVE;
				CLANG_CXX_LANGUAGE_STANDARD = "gnu++20";
				CLANG_ENABLE_MODULES = YES;
				CLANG_ENABLE_OBJC_ARC = YES;
				CLANG_ENABLE_OBJC_WEAK = YES;
				CLANG_WARN_BLOCK_CAPTURE_AUTORELEASING = YES;
				CLANG_WARN_BOOL_CONVERSION = YES;
				CLANG_WARN_COMMA = YES;
				CLANG_WARN_CONSTANT_CONVERSION = YES;
				CLANG_WARN_DEPRECATED_OBJC_IMPLEMENTATIONS = YES;
				CLANG_WARN_DIRECT_OBJC_ISA_USAGE = YES_ERROR;
				CLANG_WARN_DOCUMENTATION_COMMENTS = YES;
				CLANG_WARN_EMPTY_BODY = YES;
				CLANG_WARN_ENUM_CONVERSION = YES;
				CLANG_WARN_INFINITE_RECURSION = YES;
				CLANG_WARN_INT_CONVERSION = YES;
				CLANG_WARN_NON_LITERAL_NULL_CONVERSION = YES;
				CLANG_WARN_OBJC_IMPLICIT_RETAIN_SELF = YES;
				CLANG_WARN_OBJC_LITERAL_CONVERSION = YES;
				CLANG_WARN_OBJC_ROOT_CLASS = YES_ERROR;
				CLANG_WARN_QUOTED_INCLUDE_IN_FRAMEWORK_HEADER = YES;
				CLANG_WARN_RANGE_LOOP_ANALYSIS = YES;
				CLANG_WARN_STRICT_PROTOTYPES = YES;
				CLANG_WARN_SUSPICIOUS_MOVE = YES;
				CLANG_WARN_UNGUARDED_AVAILABILITY = YES_AGGRESSIVE;
				CLANG_WARN_UNREACHABLE_CODE = YES;
				CLANG_WARN__DUPLICATE_METHOD_MATCH = YES;
				COPY_PHASE_STRIP = NO;
				DEBUG_INFORMATION_FORMAT = dwarf;
				ENABLE_STRICT_OBJC_MSGSEND = YES;
				ENABLE_TESTABILITY = YES;
				ENABLE_USER_SCRIPT_SANDBOXING = NO;
				GCC_C_LANGUAGE_STANDARD = gnu17;
				GCC_DYNAMIC_NO_PIC = NO;
				GCC_NO_COMMON_BLOCKS = YES;
				GCC_OPTIMIZATION_LEVEL = 0;
				GCC_PREPROCESSOR_DEFINITIONS = (
					"DEBUG=1",
					"$(inherited)",
				);
				GCC_WARN_64_TO_32_BIT_CONVERSION = YES;
				GCC_WARN_ABOUT_RETURN_TYPE = YES_ERROR;
				GCC_WARN_UNDECLARED_SELECTOR = YES;
				GCC_WARN_UNINITIALIZED_AUTOS = YES_AGGRESSIVE;
				GCC_WARN_UNUSED_FUNCTION = YES;
				GCC_WARN_UNUSED_VARIABLE = YES;
				IPHONEOS_DEPLOYMENT_TARGET = 17.2;
				LOCALIZATION_PREFERS_STRING_CATALOGS = YES;
				MTL_ENABLE_DEBUG_INFO = INCLUDE_SOURCE;
				MTL_FAST_MATH = YES;
				ONLY_ACTIVE_ARCH = YES;
				SDKROOT = iphoneos;
				SWIFT_ACTIVE_COMPILATION_CONDITIONS = "DEBUG $(inherited)";
				SWIFT_OPTIMIZATION_LEVEL = "-Onone";
			};
			name = Debug;
		};
		6577BB0E2B9EB65C0071A3EA /* Release */ = {
			isa = XCBuildConfiguration;
			buildSettings = {
				ALWAYS_SEARCH_USER_PATHS = NO;
				ASSETCATALOG_COMPILER_GENERATE_SWIFT_ASSET_SYMBOL_EXTENSIONS = YES;
				CLANG_ANALYZER_NONNULL = YES;
				CLANG_ANALYZER_NUMBER_OBJECT_CONVERSION = YES_AGGRESSIVE;
				CLANG_CXX_LANGUAGE_STANDARD = "gnu++20";
				CLANG_ENABLE_MODULES = YES;
				CLANG_ENABLE_OBJC_ARC = YES;
				CLANG_ENABLE_OBJC_WEAK = YES;
				CLANG_WARN_BLOCK_CAPTURE_AUTORELEASING = YES;
				CLANG_WARN_BOOL_CONVERSION = YES;
				CLANG_WARN_COMMA = YES;
				CLANG_WARN_CONSTANT_CONVERSION = YES;
				CLANG_WARN_DEPRECATED_OBJC_IMPLEMENTATIONS = YES;
				CLANG_WARN_DIRECT_OBJC_ISA_USAGE = YES_ERROR;
				CLANG_WARN_DOCUMENTATION_COMMENTS = YES;
				CLANG_WARN_EMPTY_BODY = YES;
				CLANG_WARN_ENUM_CONVERSION = YES;
				CLANG_WARN_INFINITE_RECURSION = YES;
				CLANG_WARN_INT_CONVERSION = YES;
				CLANG_WARN_NON_LITERAL_NULL_CONVERSION = YES;
				CLANG_WARN_OBJC_IMPLICIT_RETAIN_SELF = YES;
				CLANG_WARN_OBJC_LITERAL_CONVERSION = YES;
				CLANG_WARN_OBJC_ROOT_CLASS = YES_ERROR;
				CLANG_WARN_QUOTED_INCLUDE_IN_FRAMEWORK_HEADER = YES;
				CLANG_WARN_RANGE_LOOP_ANALYSIS = YES;
				CLANG_WARN_STRICT_PROTOTYPES = YES;
				CLANG_WARN_SUSPICIOUS_MOVE = YES;
				CLANG_WARN_UNGUARDED_AVAILABILITY = YES_AGGRESSIVE;
				CLANG_WARN_UNREACHABLE_CODE = YES;
				CLANG_WARN__DUPLICATE_METHOD_MATCH = YES;
				COPY_PHASE_STRIP = NO;
				DEBUG_INFORMATION_FORMAT = "dwarf-with-dsym";
				ENABLE_NS_ASSERTIONS = NO;
				ENABLE_STRICT_OBJC_MSGSEND = YES;
				ENABLE_USER_SCRIPT_SANDBOXING = NO;
				GCC_C_LANGUAGE_STANDARD = gnu17;
				GCC_NO_COMMON_BLOCKS = YES;
				GCC_WARN_64_TO_32_BIT_CONVERSION = YES;
				GCC_WARN_ABOUT_RETURN_TYPE = YES_ERROR;
				GCC_WARN_UNDECLARED_SELECTOR = YES;
				GCC_WARN_UNINITIALIZED_AUTOS = YES_AGGRESSIVE;
				GCC_WARN_UNUSED_FUNCTION = YES;
				GCC_WARN_UNUSED_VARIABLE = YES;
				IPHONEOS_DEPLOYMENT_TARGET = 17.2;
				LOCALIZATION_PREFERS_STRING_CATALOGS = YES;
				MTL_ENABLE_DEBUG_INFO = NO;
				MTL_FAST_MATH = YES;
				SDKROOT = iphoneos;
				SWIFT_COMPILATION_MODE = wholemodule;
				VALIDATE_PRODUCT = YES;
			};
			name = Release;
		};
		6577BB102B9EB65C0071A3EA /* Debug */ = {
			isa = XCBuildConfiguration;
			baseConfigurationReference = D10940DCE984B5DA3DC7DE2B /* Pods-상추 - 상권추천서비스.debug.xcconfig */;
			buildSettings = {
				ASSETCATALOG_COMPILER_APPICON_NAME = AppIcon;
				ASSETCATALOG_COMPILER_GLOBAL_ACCENT_COLOR_NAME = AccentColor;
				CODE_SIGN_STYLE = Automatic;
				CURRENT_PROJECT_VERSION = 1;
				DEVELOPMENT_ASSET_PATHS = "";
				DEVELOPMENT_TEAM = 438C43K8SQ;
				ENABLE_PREVIEWS = YES;
				GENERATE_INFOPLIST_FILE = YES;
				INFOPLIST_FILE = "--------------------------Info.plist";
				INFOPLIST_KEY_UIApplicationSceneManifest_Generation = YES;
				INFOPLIST_KEY_UIApplicationSupportsIndirectInputEvents = YES;
				INFOPLIST_KEY_UILaunchScreen_Generation = YES;
				INFOPLIST_KEY_UISupportedInterfaceOrientations_iPad = "UIInterfaceOrientationPortrait UIInterfaceOrientationPortraitUpsideDown UIInterfaceOrientationLandscapeLeft UIInterfaceOrientationLandscapeRight";
				INFOPLIST_KEY_UISupportedInterfaceOrientations_iPhone = "UIInterfaceOrientationPortrait UIInterfaceOrientationLandscapeLeft UIInterfaceOrientationLandscapeRight";
				LD_RUNPATH_SEARCH_PATHS = (
					"$(inherited)",
					"@executable_path/Frameworks",
				);
				MARKETING_VERSION = 1.0;
				PRODUCT_BUNDLE_IDENTIFIER = com.sangchu.app;
				PRODUCT_NAME = "$(TARGET_NAME)";
				SWIFT_EMIT_LOC_STRINGS = YES;
				SWIFT_VERSION = 5.0;
				TARGETED_DEVICE_FAMILY = "1,2";
			};
			name = Debug;
		};
		6577BB112B9EB65C0071A3EA /* Release */ = {
			isa = XCBuildConfiguration;
			baseConfigurationReference = EF25D27CFA7579A232AFD8D1 /* Pods-상추 - 상권추천서비스.release.xcconfig */;
			buildSettings = {
				ASSETCATALOG_COMPILER_APPICON_NAME = AppIcon;
				ASSETCATALOG_COMPILER_GLOBAL_ACCENT_COLOR_NAME = AccentColor;
				CODE_SIGN_STYLE = Automatic;
				CURRENT_PROJECT_VERSION = 1;
				DEVELOPMENT_ASSET_PATHS = "";
				DEVELOPMENT_TEAM = 438C43K8SQ;
				ENABLE_PREVIEWS = YES;
				GENERATE_INFOPLIST_FILE = YES;
				INFOPLIST_FILE = "--------------------------Info.plist";
				INFOPLIST_KEY_UIApplicationSceneManifest_Generation = YES;
				INFOPLIST_KEY_UIApplicationSupportsIndirectInputEvents = YES;
				INFOPLIST_KEY_UILaunchScreen_Generation = YES;
				INFOPLIST_KEY_UISupportedInterfaceOrientations_iPad = "UIInterfaceOrientationPortrait UIInterfaceOrientationPortraitUpsideDown UIInterfaceOrientationLandscapeLeft UIInterfaceOrientationLandscapeRight";
				INFOPLIST_KEY_UISupportedInterfaceOrientations_iPhone = "UIInterfaceOrientationPortrait UIInterfaceOrientationLandscapeLeft UIInterfaceOrientationLandscapeRight";
				LD_RUNPATH_SEARCH_PATHS = (
					"$(inherited)",
					"@executable_path/Frameworks",
				);
				MARKETING_VERSION = 1.0;
				PRODUCT_BUNDLE_IDENTIFIER = com.sangchu.app;
				PRODUCT_NAME = "$(TARGET_NAME)";
				SWIFT_EMIT_LOC_STRINGS = YES;
				SWIFT_VERSION = 5.0;
				TARGETED_DEVICE_FAMILY = "1,2";
			};
			name = Release;
		};
		6577BB132B9EB65C0071A3EA /* Debug */ = {
			isa = XCBuildConfiguration;
			baseConfigurationReference = 91BE34560CFA1A21E1478A2A /* Pods-상추 - 상권추천서비스Tests.debug.xcconfig */;
			buildSettings = {
				ALWAYS_EMBED_SWIFT_STANDARD_LIBRARIES = YES;
				BUNDLE_LOADER = "$(TEST_HOST)";
				CODE_SIGN_STYLE = Automatic;
				CURRENT_PROJECT_VERSION = 1;
				DEVELOPMENT_TEAM = 438C43K8SQ;
				GENERATE_INFOPLIST_FILE = YES;
				IPHONEOS_DEPLOYMENT_TARGET = 17.2;
				MARKETING_VERSION = 1.0;
				PRODUCT_BUNDLE_IDENTIFIER = "-----------------------.-------------------------Tests";
				PRODUCT_NAME = "$(TARGET_NAME)";
				SWIFT_EMIT_LOC_STRINGS = NO;
				SWIFT_VERSION = 5.0;
				TARGETED_DEVICE_FAMILY = "1,2";
				TEST_HOST = "$(BUILT_PRODUCTS_DIR)/상추 - 상권추천서비스.app/$(BUNDLE_EXECUTABLE_FOLDER_PATH)/상추 - 상권추천서비스";
			};
			name = Debug;
		};
		6577BB142B9EB65C0071A3EA /* Release */ = {
			isa = XCBuildConfiguration;
			baseConfigurationReference = E7D1EF9605955DF177A7D377 /* Pods-상추 - 상권추천서비스Tests.release.xcconfig */;
			buildSettings = {
				ALWAYS_EMBED_SWIFT_STANDARD_LIBRARIES = YES;
				BUNDLE_LOADER = "$(TEST_HOST)";
				CODE_SIGN_STYLE = Automatic;
				CURRENT_PROJECT_VERSION = 1;
				DEVELOPMENT_TEAM = X83LNW6267;
				GENERATE_INFOPLIST_FILE = YES;
				IPHONEOS_DEPLOYMENT_TARGET = 17.2;
				MARKETING_VERSION = 1.0;
				PRODUCT_BUNDLE_IDENTIFIER = "-----------------------.-------------------------Tests";
				PRODUCT_NAME = "$(TARGET_NAME)";
				SWIFT_EMIT_LOC_STRINGS = NO;
				SWIFT_VERSION = 5.0;
				TARGETED_DEVICE_FAMILY = "1,2";
				TEST_HOST = "$(BUILT_PRODUCTS_DIR)/상추 - 상권추천서비스.app/$(BUNDLE_EXECUTABLE_FOLDER_PATH)/상추 - 상권추천서비스";
			};
			name = Release;
		};
		6577BB162B9EB65C0071A3EA /* Debug */ = {
			isa = XCBuildConfiguration;
			baseConfigurationReference = E304D99DF9FBCD7AD899E86A /* Pods-상추 - 상권추천서비스-상추 - 상권추천서비스UITests.debug.xcconfig */;
			buildSettings = {
				ALWAYS_EMBED_SWIFT_STANDARD_LIBRARIES = YES;
				CODE_SIGN_STYLE = Automatic;
				CURRENT_PROJECT_VERSION = 1;
				DEVELOPMENT_TEAM = 438C43K8SQ;
				GENERATE_INFOPLIST_FILE = YES;
				MARKETING_VERSION = 1.0;
				PRODUCT_BUNDLE_IDENTIFIER = "-----------------------.-------------------------UITests";
				PRODUCT_NAME = "$(TARGET_NAME)";
				SWIFT_EMIT_LOC_STRINGS = NO;
				SWIFT_VERSION = 5.0;
				TARGETED_DEVICE_FAMILY = "1,2";
				TEST_TARGET_NAME = "상추 - 상권추천서비스";
			};
			name = Debug;
		};
		6577BB172B9EB65C0071A3EA /* Release */ = {
			isa = XCBuildConfiguration;
			baseConfigurationReference = F96EBE0AD0E06334076C2B39 /* Pods-상추 - 상권추천서비스-상추 - 상권추천서비스UITests.release.xcconfig */;
			buildSettings = {
				ALWAYS_EMBED_SWIFT_STANDARD_LIBRARIES = YES;
				CODE_SIGN_STYLE = Automatic;
				CURRENT_PROJECT_VERSION = 1;
				DEVELOPMENT_TEAM = X83LNW6267;
				GENERATE_INFOPLIST_FILE = YES;
				MARKETING_VERSION = 1.0;
				PRODUCT_BUNDLE_IDENTIFIER = "-----------------------.-------------------------UITests";
				PRODUCT_NAME = "$(TARGET_NAME)";
				SWIFT_EMIT_LOC_STRINGS = NO;
				SWIFT_VERSION = 5.0;
				TARGETED_DEVICE_FAMILY = "1,2";
				TEST_TARGET_NAME = "상추 - 상권추천서비스";
			};
			name = Release;
		};
/* End XCBuildConfiguration section */

/* Begin XCConfigurationList section */
		6577BAE42B9EB65A0071A3EA /* Build configuration list for PBXProject "상추 - 상권추천서비스" */ = {
			isa = XCConfigurationList;
			buildConfigurations = (
				6577BB0D2B9EB65C0071A3EA /* Debug */,
				6577BB0E2B9EB65C0071A3EA /* Release */,
			);
			defaultConfigurationIsVisible = 0;
			defaultConfigurationName = Release;
		};
		6577BB0F2B9EB65C0071A3EA /* Build configuration list for PBXNativeTarget "상추 - 상권추천서비스" */ = {
			isa = XCConfigurationList;
			buildConfigurations = (
				6577BB102B9EB65C0071A3EA /* Debug */,
				6577BB112B9EB65C0071A3EA /* Release */,
			);
			defaultConfigurationIsVisible = 0;
			defaultConfigurationName = Release;
		};
		6577BB122B9EB65C0071A3EA /* Build configuration list for PBXNativeTarget "상추 - 상권추천서비스Tests" */ = {
			isa = XCConfigurationList;
			buildConfigurations = (
				6577BB132B9EB65C0071A3EA /* Debug */,
				6577BB142B9EB65C0071A3EA /* Release */,
			);
			defaultConfigurationIsVisible = 0;
			defaultConfigurationName = Release;
		};
		6577BB152B9EB65C0071A3EA /* Build configuration list for PBXNativeTarget "상추 - 상권추천서비스UITests" */ = {
			isa = XCConfigurationList;
			buildConfigurations = (
				6577BB162B9EB65C0071A3EA /* Debug */,
				6577BB172B9EB65C0071A3EA /* Release */,
			);
			defaultConfigurationIsVisible = 0;
			defaultConfigurationName = Release;
		};
/* End XCConfigurationList section */
	};
	rootObject = 6577BAE12B9EB65A0071A3EA /* Project object */;
}
