{
  "originHash" : "2103755bf211c083ff44bebe605cc528469de77040272f97fcf8dea73c2449fa",
  "pins" : [
    {
      "identity" : "lottie-spm",
      "kind" : "remoteSourceControl",
      "location" : "https://github.com/airbnb/lottie-spm.git",
      "state" : {
        "revision" : "3bd43e12d6fb54654366a61f7cfaca787318b8ce",
        "version" : "4.4.1"
      }
    },
    {
      "identity" : "swiftui-image-viewer",
      "kind" : "remoteSourceControl",
      "location" : "https://github.com/fuzzzlove/swiftui-image-viewer.git",
      "state" : {
        "revision" : "ca77123064ae046eac2be01654ee756085c2b182",
        "version" : "1.0.0"
      }
    }
  ],
  "version" : 3
}
